
Microsoft Visual Studio Solution File, Format Version 12.00
# Visual Studio Version 17
VisualStudioVersion = 17.4.33103.184
MinimumVisualStudioVersion = 10.0.40219.1
Project("{FAE04EC0-301F-11D3-BF4B-00C04F79EFBC}") = "Webdemo", "Webdemo\Webdemo.csproj", "{CCAE5AD0-2FEB-48F1-AB1A-3218D61D1BA7}"
EndProject
Global
	GlobalSection(SolutionConfigurationPlatforms) = preSolution
		Debug|Any CPU = Debug|Any CPU
		Release|Any CPU = Release|Any CPU
	EndGlobalSection
	GlobalSection(ProjectConfigurationPlatforms) = postSolution
		{CCAE5AD0-2FEB-48F1-AB1A-3218D61D1BA7}.Debug|Any CPU.ActiveCfg = Debug|Any CPU
		{CCAE5AD0-2FEB-48F1-AB1A-3218D61D1BA7}.Debug|Any CPU.Build.0 = Debug|Any CPU
		{CCAE5AD0-2FEB-48F1-AB1A-3218D61D1BA7}.Release|Any CPU.ActiveCfg = Release|Any CPU
		{CCAE5AD0-2FEB-48F1-AB1A-3218D61D1BA7}.Release|Any CPU.Build.0 = Release|Any CPU
	EndGlobalSection
	GlobalSection(SolutionProperties) = preSolution
		HideSolutionNode = FALSE
	EndGlobalSection
	GlobalSection(ExtensibilityGlobals) = postSolution
		SolutionGuid = {84EEB064-948E-4634-B2A7-FE1D6512E91E}
	EndGlobalSection
EndGlobal
